<?xml version="1.0" encoding="utf-8"?>
<Project ToolsVersion="4.0" xmlns="http://schemas.microsoft.com/developer/msbuild/2003">
  <ItemGroup>
    <Filter Include="utils">
      <UniqueIdentifier>{f9f4750e-6b8b-48da-9bc6-ac9560bbdad3}</UniqueIdentifier>
    </Filter>
  </ItemGroup>
  <ItemGroup>
    <ClInclude Include="pointer_utils.hpp">
      <Filter>utils</Filter>
    </ClInclude>
    <ClInclude Include="memory_utils.hpp">
      <Filter>utils</Filter>
    </ClInclude>
    <ClInclude Include="Console.hpp">
      <Filter>utils</Filter>
    </ClInclude>
    <ClInclude Include="pch.h" />
  </ItemGroup>
  <ItemGroup>
    <ClCompile Include="Console.cpp">
      <Filter>utils</Filter>
    </ClCompile>
    <ClCompile Include="pch.cpp" />
    <ClCompile Include="dllmain.cpp" />
  </ItemGroup>
</Project>